
Microsoft Visual Studio Solution File, Format Version 12.00
# Visual Studio Version 16
VisualStudioVersion = 16.0.32929.386
MinimumVisualStudioVersion = 10.0.40219.1
Project("{FAE04EC0-301F-11D3-BF4B-00C04F79EFBC}") = "Car Rental Management System", "Car Rental Management System\Car Rental Management System.csproj", "{EA9165E8-2C67-4B3D-A179-DC35E19C08BE}"
EndProject
Global
	GlobalSection(SolutionConfigurationPlatforms) = preSolution
		Debug|Any CPU = Debug|Any CPU
		Release|Any CPU = Release|Any CPU
	EndGlobalSection
	GlobalSection(ProjectConfigurationPlatforms) = postSolution
		{EA9165E8-2C67-4B3D-A179-DC35E19C08BE}.Debug|Any CPU.ActiveCfg = Debug|Any CPU
		{EA9165E8-2C67-4B3D-A179-DC35E19C08BE}.Debug|Any CPU.Build.0 = Debug|Any CPU
		{EA9165E8-2C67-4B3D-A179-DC35E19C08BE}.Release|Any CPU.ActiveCfg = Release|Any CPU
		{EA9165E8-2C67-4B3D-A179-DC35E19C08BE}.Release|Any CPU.Build.0 = Release|Any CPU
	EndGlobalSection
	GlobalSection(SolutionProperties) = preSolution
		HideSolutionNode = FALSE
	EndGlobalSection
	GlobalSection(ExtensibilityGlobals) = postSolution
		SolutionGuid = {C327BDE4-FD99-4D94-8F32-537BB0F7A57A}
	EndGlobalSection
EndGlobal
